
Microsoft Visual Studio Solution File, Format Version 12.00
# Visual Studio 14
VisualStudioVersion = 14.0.25420.1
MinimumVisualStudioVersion = 10.0.40219.1
Project("{8BC9CEB8-8B4A-11D0-8D11-00A0C91BC942}") = "Noise3d", "Source\Noise3D\NoiseEngine.vcxproj", "{989DEC98-69C7-4F44-AEFC-D5D4BBF57B90}"
EndProject
Project("{8BC9CEB8-8B4A-11D0-8D11-00A0C91BC942}") = "RenderWindow", "Source\Test\RenderWindow.vcxproj", "{380D0EC0-85A9-4A96-836F-C64C070D1121}"
EndProject
Project("{8BC9CEB8-8B4A-11D0-8D11-00A0C91BC942}") = "GUI-SHLighting", "Source\GUI-SHLighting\GUI-SHLighting.vcxproj", "{3296C9BD-B600-4702-8BBB-ED5535F34CE8}"
EndProject
Global
	GlobalSection(SolutionConfigurationPlatforms) = preSolution
		Debug|Win32 = Debug|Win32
		Debug|x64 = Debug|x64
		Debug|x86 = Debug|x86
		Release|Win32 = Release|Win32
		Release|x64 = Release|x64
		Release|x86 = Release|x86
	EndGlobalSection
	GlobalSection(ProjectConfigurationPlatforms) = postSolution
		{989DEC98-69C7-4F44-AEFC-D5D4BBF57B90}.Debug|Win32.ActiveCfg = Debug|Win32
		{989DEC98-69C7-4F44-AEFC-D5D4BBF57B90}.Debug|Win32.Build.0 = Debug|Win32
		{989DEC98-69C7-4F44-AEFC-D5D4BBF57B90}.Debug|x64.ActiveCfg = Debug|Win32
		{989DEC98-69C7-4F44-AEFC-D5D4BBF57B90}.Debug|x86.ActiveCfg = Debug|Win32
		{989DEC98-69C7-4F44-AEFC-D5D4BBF57B90}.Debug|x86.Build.0 = Debug|Win32
		{989DEC98-69C7-4F44-AEFC-D5D4BBF57B90}.Release|Win32.ActiveCfg = Release|Win32
		{989DEC98-69C7-4F44-AEFC-D5D4BBF57B90}.Release|Win32.Build.0 = Release|Win32
		{989DEC98-69C7-4F44-AEFC-D5D4BBF57B90}.Release|x64.ActiveCfg = Release|Win32
		{989DEC98-69C7-4F44-AEFC-D5D4BBF57B90}.Release|x86.ActiveCfg = Release|Win32
		{989DEC98-69C7-4F44-AEFC-D5D4BBF57B90}.Release|x86.Build.0 = Release|Win32
		{380D0EC0-85A9-4A96-836F-C64C070D1121}.Debug|Win32.ActiveCfg = Debug|Win32
		{380D0EC0-85A9-4A96-836F-C64C070D1121}.Debug|Win32.Build.0 = Debug|Win32
		{380D0EC0-85A9-4A96-836F-C64C070D1121}.Debug|x64.ActiveCfg = Debug|Win32
		{380D0EC0-85A9-4A96-836F-C64C070D1121}.Debug|x86.ActiveCfg = Debug|Win32
		{380D0EC0-85A9-4A96-836F-C64C070D1121}.Debug|x86.Build.0 = Debug|Win32
		{380D0EC0-85A9-4A96-836F-C64C070D1121}.Release|Win32.ActiveCfg = Release|Win32
		{380D0EC0-85A9-4A96-836F-C64C070D1121}.Release|Win32.Build.0 = Release|Win32
		{380D0EC0-85A9-4A96-836F-C64C070D1121}.Release|x64.ActiveCfg = Release|Win32
		{380D0EC0-85A9-4A96-836F-C64C070D1121}.Release|x86.ActiveCfg = Release|Win32
		{380D0EC0-85A9-4A96-836F-C64C070D1121}.Release|x86.Build.0 = Release|Win32
		{3296C9BD-B600-4702-8BBB-ED5535F34CE8}.Debug|Win32.ActiveCfg = Debug|Win32
		{3296C9BD-B600-4702-8BBB-ED5535F34CE8}.Debug|Win32.Build.0 = Debug|Win32
		{3296C9BD-B600-4702-8BBB-ED5535F34CE8}.Debug|x64.ActiveCfg = Debug|Win32
		{3296C9BD-B600-4702-8BBB-ED5535F34CE8}.Debug|x86.ActiveCfg = Debug|Win32
		{3296C9BD-B600-4702-8BBB-ED5535F34CE8}.Debug|x86.Build.0 = Debug|Win32
		{3296C9BD-B600-4702-8BBB-ED5535F34CE8}.Release|Win32.ActiveCfg = Release|Win32
		{3296C9BD-B600-4702-8BBB-ED5535F34CE8}.Release|Win32.Build.0 = Release|Win32
		{3296C9BD-B600-4702-8BBB-ED5535F34CE8}.Release|x64.ActiveCfg = Release|Win32
		{3296C9BD-B600-4702-8BBB-ED5535F34CE8}.Release|x86.ActiveCfg = Release|Win32
		{3296C9BD-B600-4702-8BBB-ED5535F34CE8}.Release|x86.Build.0 = Release|Win32
	EndGlobalSection
	GlobalSection(SolutionProperties) = preSolution
		HideSolutionNode = FALSE
	EndGlobalSection
EndGlobal
