<?xml version="1.0" encoding="utf-8"?>
<Project ToolsVersion="4.0" xmlns="http://schemas.microsoft.com/developer/msbuild/2003">
  <ItemGroup>
    <Filter Include="Main3D">
      <UniqueIdentifier>{4FC737F1-C7A5-4376-A066-2A32D752A2FF}</UniqueIdentifier>
      <Extensions>cpp;c;cc;cxx;def;odl;idl;hpj;bat;asm;asmx</Extensions>
    </Filter>
  </ItemGroup>
  <ItemGroup>
    <ClCompile Include="Main3D_Minimize.cpp">
      <Filter>Main3D</Filter>
    </ClCompile>
    <ClCompile Include="UnitTest_Mesh.cpp">
      <Filter>Main3D</Filter>
    </ClCompile>
    <ClCompile Include="UnitTest_MC_ModelExport.cpp">
      <Filter>Main3D</Filter>
    </ClCompile>
    <ClCompile Include="Exp_Voxelization.cpp">
      <Filter>Main3D</Filter>
    </ClCompile>
    <ClCompile Include="Exp_Qwerty.cpp">
      <Filter>Main3D</Filter>
    </ClCompile>
    <ClCompile Include="NormalMapConverter.cpp">
      <Filter>Main3D</Filter>
    </ClCompile>
    <ClCompile Include="UnitTest_SweepingTrail.cpp">
      <Filter>Main3D</Filter>
    </ClCompile>
    <ClCompile Include="UnitTest_SH.cpp">
      <Filter>Main3D</Filter>
    </ClCompile>
    <ClCompile Include="UnitTest_RigidTransform.cpp">
      <Filter>Main3D</Filter>
    </ClCompile>
    <ClCompile Include="UnitTest_SH_NOrder.cpp">
      <Filter>Main3D</Filter>
    </ClCompile>
    <ClCompile Include="UnitTest_SHRotation.cpp">
      <Filter>Main3D</Filter>
    </ClCompile>
    <ClCompile Include="UnitTest_GeneralTreeDataStructure.cpp">
      <Filter>Main3D</Filter>
    </ClCompile>
    <ClCompile Include="UnitTest_SceneGraph.cpp">
      <Filter>Main3D</Filter>
    </ClCompile>
    <ClCompile Include="UnitTest_BVH.cpp">
      <Filter>Main3D</Filter>
    </ClCompile>
    <ClCompile Include="UnitTest_CollisionTest_Ray.cpp">
      <Filter>Main3D</Filter>
    </ClCompile>
    <ClCompile Include="UnitTest_CollisionTest_BvhAccRay.cpp">
      <Filter>Main3D</Filter>
    </ClCompile>
    <ClCompile Include="UnitTest_RandomRayGenerator.cpp">
      <Filter>Main3D</Filter>
    </ClCompile>
  </ItemGroup>
</Project>