<?xml version="1.0" encoding="utf-8"?>
<Project ToolsVersion="4.0" xmlns="http://schemas.microsoft.com/developer/msbuild/2003">
  <ItemGroup>
    <Filter Include="Global">
      <UniqueIdentifier>{f521ad5a-76f7-4ffe-926f-69b265c34501}</UniqueIdentifier>
    </Filter>
    <Filter Include="NoiseUtility">
      <UniqueIdentifier>{b9fd6203-deb2-48ae-bfee-d60937fd5bd8}</UniqueIdentifier>
    </Filter>
    <Filter Include="NoiseGraphic">
      <UniqueIdentifier>{52ea6c49-24be-4007-997e-20e050bf5eed}</UniqueIdentifier>
    </Filter>
    <Filter Include="NoiseGraphic\Scene">
      <UniqueIdentifier>{f84a9eaa-b39b-4a45-aaad-c93b72948637}</UniqueIdentifier>
    </Filter>
    <Filter Include="GeneralBasicClass">
      <UniqueIdentifier>{33b8c1e0-39dc-4df0-88cc-9156de4f0922}</UniqueIdentifier>
    </Filter>
    <Filter Include="GeneralBasicClass\_FileManager">
      <UniqueIdentifier>{09bb6d8d-c809-48d2-8adb-1ae0051da9bb}</UniqueIdentifier>
    </Filter>
    <Filter Include="GeneralBasicClass\_Factory">
      <UniqueIdentifier>{7921cecc-2d7a-4940-99de-c23ae1ee5aa6}</UniqueIdentifier>
    </Filter>
    <Filter Include="NoiseGraphic\Scene\Root">
      <UniqueIdentifier>{d4677d36-e4af-4062-aece-3b9a498593ed}</UniqueIdentifier>
    </Filter>
    <Filter Include="NoiseGraphic\Scene\Renderer">
      <UniqueIdentifier>{fbf6d5d9-6af7-481c-b514-5904de7d44b8}</UniqueIdentifier>
    </Filter>
    <Filter Include="NoiseGraphic\Scene\ModelLoader">
      <UniqueIdentifier>{85c6daf5-2ac5-4e89-8558-9d052cf46d9a}</UniqueIdentifier>
    </Filter>
    <Filter Include="NoiseGraphic\Scene\Mesh">
      <UniqueIdentifier>{66319d1c-340d-4bf9-887d-e02737f05f6a}</UniqueIdentifier>
    </Filter>
    <Filter Include="NoiseGraphic\Scene\Material">
      <UniqueIdentifier>{03412733-c8d9-487b-9107-6466bd27b95a}</UniqueIdentifier>
    </Filter>
    <Filter Include="NoiseGraphic\Scene\Lights">
      <UniqueIdentifier>{12b06630-814c-4cee-86dc-dbd3ddf40b38}</UniqueIdentifier>
    </Filter>
    <Filter Include="NoiseGraphic\Scene\GraphicObject">
      <UniqueIdentifier>{a627035a-9e9d-404b-a4a2-89c95bdc3f93}</UniqueIdentifier>
    </Filter>
    <Filter Include="NoiseGraphic\Scene\Camera">
      <UniqueIdentifier>{1cdc6592-cae8-449f-ba8b-73a46043aab8}</UniqueIdentifier>
    </Filter>
    <Filter Include="NoiseGraphic\Scene\Atmosphere">
      <UniqueIdentifier>{a4edb57a-80b9-4330-bc5e-5e1a8a4dc3fc}</UniqueIdentifier>
    </Filter>
    <Filter Include="NoiseGraphic\Scene\Text">
      <UniqueIdentifier>{ebd85bdd-2495-430a-b695-d2366c4e956d}</UniqueIdentifier>
    </Filter>
    <Filter Include="NoiseGraphic\Scene\Text\N2D_NoiseFontManager">
      <UniqueIdentifier>{3787f85f-89b3-4d08-bebe-0ec9b031684c}</UniqueIdentifier>
    </Filter>
    <Filter Include="NoiseGraphic\Scene\Text\N2D_Noise2DTextStatic">
      <UniqueIdentifier>{abc9eaee-b441-43bd-8dca-0bffd27091f9}</UniqueIdentifier>
    </Filter>
    <Filter Include="NoiseGraphic\Scene\Text\N2D_Noise2DTextDynamic">
      <UniqueIdentifier>{558f2fbd-3c86-415d-9dc4-bc344f646c54}</UniqueIdentifier>
    </Filter>
    <Filter Include="NoiseGraphic\Scene\Text\_BasicTextInfo">
      <UniqueIdentifier>{de740894-6a5f-409c-9c04-bdf91a8eaa88}</UniqueIdentifier>
    </Filter>
    <Filter Include="NoiseGraphic\Scene\Texture">
      <UniqueIdentifier>{ecd2bea3-4811-48d5-ab48-e1370b027679}</UniqueIdentifier>
    </Filter>
    <Filter Include="NoiseGraphic\Scene\CollisionTestor">
      <UniqueIdentifier>{f5ddb252-e47d-43e6-8a20-ede3c221af43}</UniqueIdentifier>
    </Filter>
    <Filter Include="NoiseGraphic\Scene\ModelProcessor">
      <UniqueIdentifier>{06180f0a-aa7f-475a-90e1-ce7438fa8eb7}</UniqueIdentifier>
    </Filter>
    <Filter Include="NoiseGraphic\_RenderSetting">
      <UniqueIdentifier>{8d72bd88-eda0-447f-9220-fa526c9da6cd}</UniqueIdentifier>
    </Filter>
    <Filter Include="NoiseUtility\InputEngine">
      <UniqueIdentifier>{15dd7e5c-ee39-480b-a7bd-91615264dd11}</UniqueIdentifier>
    </Filter>
    <Filter Include="NoiseUtility\MeshSlicer">
      <UniqueIdentifier>{2382ae15-f526-41f2-93f6-283143d5b9a9}</UniqueIdentifier>
    </Filter>
    <Filter Include="NoiseUtility\Timer">
      <UniqueIdentifier>{5fb868b7-60e5-4ec0-b8ad-117e9c441ffc}</UniqueIdentifier>
    </Filter>
    <Filter Include="NoiseUtility\Voxelizer">
      <UniqueIdentifier>{fcc730e9-856a-477d-863b-be202984143d}</UniqueIdentifier>
    </Filter>
    <Filter Include="NoiseGraphic\Scene\ModelLoader\_GeometryMeshGenerator">
      <UniqueIdentifier>{2618b49f-b2db-49fa-9a28-7cc3ec35209f}</UniqueIdentifier>
    </Filter>
    <Filter Include="NoiseGraphic\Scene\ModelLoader\_FBXSDK">
      <UniqueIdentifier>{34d29bbd-382d-4800-bbb6-66993ff0ac23}</UniqueIdentifier>
    </Filter>
    <Filter Include="NoiseUtility\MarchingCubes">
      <UniqueIdentifier>{610f3443-d93b-4454-83fb-88d90933c7d8}</UniqueIdentifier>
    </Filter>
    <Filter Include="NoiseGraphic\Scene\_ShaderVarManager">
      <UniqueIdentifier>{0be78f2c-c28e-4a82-bffc-5eb213a00ad6}</UniqueIdentifier>
    </Filter>
    <Filter Include="NoiseGraphic\Scene\Renderer\RenderModule_Atmosphere">
      <UniqueIdentifier>{5e4f8378-64eb-4469-b54a-e00dcde3e888}</UniqueIdentifier>
    </Filter>
    <Filter Include="NoiseGraphic\Scene\Renderer\RenderModule_GraphicObject">
      <UniqueIdentifier>{5950aaeb-c2fb-45ba-b44e-679783d0afd5}</UniqueIdentifier>
    </Filter>
    <Filter Include="NoiseGraphic\Scene\Renderer\RenderModule_Mesh">
      <UniqueIdentifier>{d5830a96-b0b9-4523-b397-a261ac51a962}</UniqueIdentifier>
    </Filter>
    <Filter Include="NoiseGraphic\Scene\Renderer\RenderModule_Text">
      <UniqueIdentifier>{00c3f576-3676-4eee-8c3a-5f3d86afe9f5}</UniqueIdentifier>
    </Filter>
    <Filter Include="NoiseGraphic\_2DBasicContainerInfo">
      <UniqueIdentifier>{6aedf65b-3f88-4575-8baa-565ef35e2138}</UniqueIdentifier>
    </Filter>
    <Filter Include="NoiseGraphic\Scene\Renderer\Infrastructure">
      <UniqueIdentifier>{8f21c0d8-8af6-48b7-be67-bb3b7675b049}</UniqueIdentifier>
    </Filter>
    <Filter Include="NoiseGraphic\Scene\Renderer\RenderModule_PostProcessing">
      <UniqueIdentifier>{b33968be-f8a9-479f-bd25-d1f10480aa56}</UniqueIdentifier>
    </Filter>
  </ItemGroup>
  <ItemGroup>
    <ClInclude Include="NoiseGlobal.h">
      <Filter>Global</Filter>
    </ClInclude>
    <ClInclude Include="NoiseMacro.h">
      <Filter>Global</Filter>
    </ClInclude>
    <ClInclude Include="NoiseTypes.h">
      <Filter>Global</Filter>
    </ClInclude>
    <ClInclude Include="MeshManager.h">
      <Filter>NoiseGraphic\Scene\Mesh</Filter>
    </ClInclude>
    <ClInclude Include="Mesh.h">
      <Filter>NoiseGraphic\Scene\Mesh</Filter>
    </ClInclude>
    <ClInclude Include="Renderer.h">
      <Filter>NoiseGraphic\Scene\Renderer</Filter>
    </ClInclude>
    <ClInclude Include="FileManager.h">
      <Filter>GeneralBasicClass\_FileManager</Filter>
    </ClInclude>
    <ClInclude Include="Atmosphere.h">
      <Filter>NoiseGraphic\Scene\Atmosphere</Filter>
    </ClInclude>
    <ClInclude Include="Camera.h">
      <Filter>NoiseGraphic\Scene\Camera</Filter>
    </ClInclude>
    <ClInclude Include="GraphicObject.h">
      <Filter>NoiseGraphic\Scene\GraphicObject</Filter>
    </ClInclude>
    <ClInclude Include="LightManager.h">
      <Filter>NoiseGraphic\Scene\Lights</Filter>
    </ClInclude>
    <ClInclude Include="MaterialManager.h">
      <Filter>NoiseGraphic\Scene\Material</Filter>
    </ClInclude>
    <ClInclude Include="Root.h">
      <Filter>NoiseGraphic\Scene\Root</Filter>
    </ClInclude>
    <ClInclude Include="Scene.h">
      <Filter>NoiseGraphic\Scene</Filter>
    </ClInclude>
    <ClInclude Include="TextureManager.h">
      <Filter>NoiseGraphic\Scene\Texture</Filter>
    </ClInclude>
    <ClInclude Include="Ut_MeshSlicer.h">
      <Filter>NoiseUtility\MeshSlicer</Filter>
    </ClInclude>
    <ClInclude Include="Ut_InputEngine.h">
      <Filter>NoiseUtility\InputEngine</Filter>
    </ClInclude>
    <ClInclude Include="Ut_InputEngine_KeyDef.h">
      <Filter>NoiseUtility\InputEngine</Filter>
    </ClInclude>
    <ClInclude Include="Ut_Timer.h">
      <Filter>NoiseUtility\Timer</Filter>
    </ClInclude>
    <ClInclude Include="_2DBasicContainerInfo.h">
      <Filter>NoiseGraphic\_2DBasicContainerInfo</Filter>
    </ClInclude>
    <ClInclude Include="IFactory.h">
      <Filter>GeneralBasicClass\_Factory</Filter>
    </ClInclude>
    <ClInclude Include="Text_2DBasicTextInfo.h">
      <Filter>NoiseGraphic\Scene\Text\_BasicTextInfo</Filter>
    </ClInclude>
    <ClInclude Include="Text_TextDynamic.h">
      <Filter>NoiseGraphic\Scene\Text\N2D_Noise2DTextDynamic</Filter>
    </ClInclude>
    <ClInclude Include="Text_TextStatic.h">
      <Filter>NoiseGraphic\Scene\Text\N2D_Noise2DTextStatic</Filter>
    </ClInclude>
    <ClInclude Include="Text_FontManager.h">
      <Filter>NoiseGraphic\Scene\Text\N2D_NoiseFontManager</Filter>
    </ClInclude>
    <ClInclude Include="Lights.h">
      <Filter>NoiseGraphic\Scene\Lights</Filter>
    </ClInclude>
    <ClInclude Include="GraphicObjMgr.h">
      <Filter>NoiseGraphic\Scene\GraphicObject</Filter>
    </ClInclude>
    <ClInclude Include="Material.h">
      <Filter>NoiseGraphic\Scene\Material</Filter>
    </ClInclude>
    <ClInclude Include="ModelLoader.h">
      <Filter>NoiseGraphic\Scene\ModelLoader</Filter>
    </ClInclude>
    <ClInclude Include="Texture.h">
      <Filter>NoiseGraphic\Scene\Texture</Filter>
    </ClInclude>
    <ClInclude Include="CollisionTestor.h">
      <Filter>NoiseGraphic\Scene\CollisionTestor</Filter>
    </ClInclude>
    <ClInclude Include="FileIO_OBJ.h">
      <Filter>GeneralBasicClass\_FileManager</Filter>
    </ClInclude>
    <ClInclude Include="FileIO_STL.h">
      <Filter>GeneralBasicClass\_FileManager</Filter>
    </ClInclude>
    <ClInclude Include="FileIO_3DS.h">
      <Filter>GeneralBasicClass\_FileManager</Filter>
    </ClInclude>
    <ClInclude Include="ModelProcessor.h">
      <Filter>NoiseGraphic\Scene\ModelProcessor</Filter>
    </ClInclude>
    <ClInclude Include="Noise3D.h" />
    <ClInclude Include="_GeometryMeshGenerator.h">
      <Filter>NoiseGraphic\Scene\ModelLoader\_GeometryMeshGenerator</Filter>
    </ClInclude>
    <ClInclude Include="_BasicRenderSettings.h">
      <Filter>NoiseGraphic\_RenderSetting</Filter>
    </ClInclude>
    <ClInclude Include="_SpatialHashTable.h">
      <Filter>NoiseGraphic\Scene\ModelProcessor</Filter>
    </ClInclude>
    <ClInclude Include="Ut_Voxelizer.h">
      <Filter>NoiseUtility\Voxelizer</Filter>
    </ClInclude>
    <ClInclude Include="Ut_VoxelizedModel.h">
      <Filter>NoiseUtility\Voxelizer</Filter>
    </ClInclude>
    <ClInclude Include="Ut_MCMeshReconstructor.h">
      <Filter>NoiseUtility\MarchingCubes</Filter>
    </ClInclude>
    <ClInclude Include="ShaderVarManager.h">
      <Filter>NoiseGraphic\Scene\_ShaderVarManager</Filter>
    </ClInclude>
    <ClInclude Include="_FbxLoader.h">
      <Filter>NoiseGraphic\Scene\ModelLoader\_FBXSDK</Filter>
    </ClInclude>
    <ClInclude Include="Renderer_Atmosphere.h">
      <Filter>NoiseGraphic\Scene\Renderer\RenderModule_Atmosphere</Filter>
    </ClInclude>
    <ClInclude Include="Renderer_Mesh.h">
      <Filter>NoiseGraphic\Scene\Renderer\RenderModule_Mesh</Filter>
    </ClInclude>
    <ClInclude Include="Renderer_Text.h">
      <Filter>NoiseGraphic\Scene\Renderer\RenderModule_Text</Filter>
    </ClInclude>
    <ClInclude Include="RenderInfrastructure.h">
      <Filter>NoiseGraphic\Scene\Renderer\Infrastructure</Filter>
    </ClInclude>
    <ClInclude Include="Renderer_GraphicObj.h">
      <Filter>NoiseGraphic\Scene\Renderer\RenderModule_GraphicObject</Filter>
    </ClInclude>
    <ClInclude Include="Renderer_PostProcessing.h">
      <Filter>NoiseGraphic\Scene\Renderer\RenderModule_PostProcessing</Filter>
    </ClInclude>
    <ClInclude Include="_BaseRenderModule.h">
      <Filter>NoiseGraphic\Scene\Renderer</Filter>
    </ClInclude>
  </ItemGroup>
  <ItemGroup>
    <ClCompile Include="NoiseGlobal.cpp">
      <Filter>Global</Filter>
    </ClCompile>
    <ClCompile Include="Mesh.cpp">
      <Filter>NoiseGraphic\Scene\Mesh</Filter>
    </ClCompile>
    <ClCompile Include="MeshManager.cpp">
      <Filter>NoiseGraphic\Scene\Mesh</Filter>
    </ClCompile>
    <ClCompile Include="Renderer.cpp">
      <Filter>NoiseGraphic\Scene\Renderer</Filter>
    </ClCompile>
    <ClCompile Include="Atmosphere.cpp">
      <Filter>NoiseGraphic\Scene\Atmosphere</Filter>
    </ClCompile>
    <ClCompile Include="Camera.cpp">
      <Filter>NoiseGraphic\Scene\Camera</Filter>
    </ClCompile>
    <ClCompile Include="GraphicObject.cpp">
      <Filter>NoiseGraphic\Scene\GraphicObject</Filter>
    </ClCompile>
    <ClCompile Include="LightManager.cpp">
      <Filter>NoiseGraphic\Scene\Lights</Filter>
    </ClCompile>
    <ClCompile Include="MaterialManager.cpp">
      <Filter>NoiseGraphic\Scene\Material</Filter>
    </ClCompile>
    <ClCompile Include="Root.cpp">
      <Filter>NoiseGraphic\Scene\Root</Filter>
    </ClCompile>
    <ClCompile Include="Scene.cpp">
      <Filter>NoiseGraphic\Scene</Filter>
    </ClCompile>
    <ClCompile Include="Text_2DBasicTextInfo.cpp">
      <Filter>NoiseGraphic\Scene\Text\_BasicTextInfo</Filter>
    </ClCompile>
    <ClCompile Include="TextureManager.cpp">
      <Filter>NoiseGraphic\Scene\Texture</Filter>
    </ClCompile>
    <ClCompile Include="Ut_MeshSlicer.cpp">
      <Filter>NoiseUtility\MeshSlicer</Filter>
    </ClCompile>
    <ClCompile Include="Ut_InputEngine.cpp">
      <Filter>NoiseUtility\InputEngine</Filter>
    </ClCompile>
    <ClCompile Include="Ut_Timer.cpp">
      <Filter>NoiseUtility\Timer</Filter>
    </ClCompile>
    <ClCompile Include="_2DBasicContainerInfo.cpp">
      <Filter>NoiseGraphic\_2DBasicContainerInfo</Filter>
    </ClCompile>
    <ClCompile Include="Text_TextDynamic.cpp">
      <Filter>NoiseGraphic\Scene\Text\N2D_Noise2DTextDynamic</Filter>
    </ClCompile>
    <ClCompile Include="Text_TextStatic.cpp">
      <Filter>NoiseGraphic\Scene\Text\N2D_Noise2DTextStatic</Filter>
    </ClCompile>
    <ClCompile Include="Text_FontManager.cpp">
      <Filter>NoiseGraphic\Scene\Text\N2D_NoiseFontManager</Filter>
    </ClCompile>
    <ClCompile Include="Lights.cpp">
      <Filter>NoiseGraphic\Scene\Lights</Filter>
    </ClCompile>
    <ClCompile Include="GraphicObjMgr.cpp">
      <Filter>NoiseGraphic\Scene\GraphicObject</Filter>
    </ClCompile>
    <ClCompile Include="Material.cpp">
      <Filter>NoiseGraphic\Scene\Material</Filter>
    </ClCompile>
    <ClCompile Include="ModelLoader.cpp">
      <Filter>NoiseGraphic\Scene\ModelLoader</Filter>
    </ClCompile>
    <ClCompile Include="Texture.cpp">
      <Filter>NoiseGraphic\Scene\Texture</Filter>
    </ClCompile>
    <ClCompile Include="FileManager.cpp">
      <Filter>GeneralBasicClass\_FileManager</Filter>
    </ClCompile>
    <ClCompile Include="pchGen.cpp">
      <Filter>Global</Filter>
    </ClCompile>
    <ClCompile Include="CollisionTestor.cpp">
      <Filter>NoiseGraphic\Scene\CollisionTestor</Filter>
    </ClCompile>
    <ClCompile Include="FileIO_OBJ.cpp">
      <Filter>GeneralBasicClass\_FileManager</Filter>
    </ClCompile>
    <ClCompile Include="FileIO_STL.cpp">
      <Filter>GeneralBasicClass\_FileManager</Filter>
    </ClCompile>
    <ClCompile Include="FileIO_3DS.cpp">
      <Filter>GeneralBasicClass\_FileManager</Filter>
    </ClCompile>
    <ClCompile Include="ModelProcessor.cpp">
      <Filter>NoiseGraphic\Scene\ModelProcessor</Filter>
    </ClCompile>
    <ClCompile Include="_GeometryMeshGenerator.cpp">
      <Filter>NoiseGraphic\Scene\ModelLoader\_GeometryMeshGenerator</Filter>
    </ClCompile>
    <ClCompile Include="_SpatialHashTable.cpp">
      <Filter>NoiseGraphic\Scene\ModelProcessor</Filter>
    </ClCompile>
    <ClCompile Include="Ut_Voxelizer.cpp">
      <Filter>NoiseUtility\Voxelizer</Filter>
    </ClCompile>
    <ClCompile Include="Ut_VoxelizedModel.cpp">
      <Filter>NoiseUtility\Voxelizer</Filter>
    </ClCompile>
    <ClCompile Include="Ut_MCMeshReconstructor.cpp">
      <Filter>NoiseUtility\MarchingCubes</Filter>
    </ClCompile>
    <ClCompile Include="ShaderVarManager.cpp">
      <Filter>NoiseGraphic\Scene\_ShaderVarManager</Filter>
    </ClCompile>
    <ClCompile Include="_FbxLoader.cpp">
      <Filter>NoiseGraphic\Scene\ModelLoader\_FBXSDK</Filter>
    </ClCompile>
    <ClCompile Include="Renderer_Atmosphere.cpp">
      <Filter>NoiseGraphic\Scene\Renderer\RenderModule_Atmosphere</Filter>
    </ClCompile>
    <ClCompile Include="Renderer_Mesh.cpp">
      <Filter>NoiseGraphic\Scene\Renderer\RenderModule_Mesh</Filter>
    </ClCompile>
    <ClCompile Include="Renderer_Text.cpp">
      <Filter>NoiseGraphic\Scene\Renderer\RenderModule_Text</Filter>
    </ClCompile>
    <ClCompile Include="RenderInfrastructure.cpp">
      <Filter>NoiseGraphic\Scene\Renderer\Infrastructure</Filter>
    </ClCompile>
    <ClCompile Include="Renderer_GraphicObj.cpp">
      <Filter>NoiseGraphic\Scene\Renderer\RenderModule_GraphicObject</Filter>
    </ClCompile>
    <ClCompile Include="Renderer_PostProcessing.cpp">
      <Filter>NoiseGraphic\Scene\Renderer\RenderModule_PostProcessing</Filter>
    </ClCompile>
  </ItemGroup>
</Project>