<?xml version="1.0" encoding="utf-8"?>
<Project ToolsVersion="4.0" xmlns="http://schemas.microsoft.com/developer/msbuild/2003">
  <ItemGroup>
    <Filter Include="Global">
      <UniqueIdentifier>{f521ad5a-76f7-4ffe-926f-69b265c34501}</UniqueIdentifier>
    </Filter>
    <Filter Include="NoiseUtility">
      <UniqueIdentifier>{b9fd6203-deb2-48ae-bfee-d60937fd5bd8}</UniqueIdentifier>
    </Filter>
    <Filter Include="NoiseUtility\NUT_NoiseUtInputEngine">
      <UniqueIdentifier>{15dd7e5c-ee39-480b-a7bd-91615264dd11}</UniqueIdentifier>
    </Filter>
    <Filter Include="NoiseUtility\NUT_NoiseUtSlicer">
      <UniqueIdentifier>{2382ae15-f526-41f2-93f6-283143d5b9a9}</UniqueIdentifier>
    </Filter>
    <Filter Include="NoiseUtility\NUT_NoiseUtTimer">
      <UniqueIdentifier>{5fb868b7-60e5-4ec0-b8ad-117e9c441ffc}</UniqueIdentifier>
    </Filter>
    <Filter Include="NoiseGUI">
      <UniqueIdentifier>{0006850f-5044-4f33-88ee-0607ec018b5a}</UniqueIdentifier>
    </Filter>
    <Filter Include="NoiseGUI\TextBox">
      <UniqueIdentifier>{a525421b-ed57-464f-91e1-a1d88310d430}</UniqueIdentifier>
    </Filter>
    <Filter Include="NoiseGUI\ScrollBar">
      <UniqueIdentifier>{df4b0bbb-f1c7-4eba-ba2d-243263115756}</UniqueIdentifier>
    </Filter>
    <Filter Include="NoiseGUI\Oscilloscope">
      <UniqueIdentifier>{004a4291-7164-4a0d-9064-e83f3a7b6c03}</UniqueIdentifier>
    </Filter>
    <Filter Include="NoiseGUI\Button">
      <UniqueIdentifier>{a6f548dd-63a7-4334-bcdb-868641b61e5a}</UniqueIdentifier>
    </Filter>
    <Filter Include="NoiseGUI\Manager">
      <UniqueIdentifier>{22dcc3d0-0ab9-469e-81a4-e83c50d68aa5}</UniqueIdentifier>
    </Filter>
    <Filter Include="NoiseGUI\_ComponentBase">
      <UniqueIdentifier>{c50b8de4-1943-4ec3-a86e-b916f49bd85e}</UniqueIdentifier>
    </Filter>
    <Filter Include="NoiseGraphic">
      <UniqueIdentifier>{52ea6c49-24be-4007-997e-20e050bf5eed}</UniqueIdentifier>
    </Filter>
    <Filter Include="NoiseGraphic\Atmosphere">
      <UniqueIdentifier>{a4edb57a-80b9-4330-bc5e-5e1a8a4dc3fc}</UniqueIdentifier>
    </Filter>
    <Filter Include="NoiseGraphic\Camera">
      <UniqueIdentifier>{1cdc6592-cae8-449f-ba8b-73a46043aab8}</UniqueIdentifier>
    </Filter>
    <Filter Include="NoiseGraphic\LightManager">
      <UniqueIdentifier>{12b06630-814c-4cee-86dc-dbd3ddf40b38}</UniqueIdentifier>
    </Filter>
    <Filter Include="NoiseGraphic\Scene">
      <UniqueIdentifier>{f84a9eaa-b39b-4a45-aaad-c93b72948637}</UniqueIdentifier>
    </Filter>
    <Filter Include="NoiseGraphic\MaterialManger">
      <UniqueIdentifier>{03412733-c8d9-487b-9107-6466bd27b95a}</UniqueIdentifier>
    </Filter>
    <Filter Include="NoiseGraphic\Mesh">
      <UniqueIdentifier>{66319d1c-340d-4bf9-887d-e02737f05f6a}</UniqueIdentifier>
    </Filter>
    <Filter Include="NoiseGraphic\Renderer">
      <UniqueIdentifier>{fbf6d5d9-6af7-481c-b514-5904de7d44b8}</UniqueIdentifier>
    </Filter>
    <Filter Include="NoiseGraphic\TextureManager">
      <UniqueIdentifier>{ecd2bea3-4811-48d5-ab48-e1370b027679}</UniqueIdentifier>
    </Filter>
    <Filter Include="NoiseGraphic\_GeometryMeshGenerator">
      <UniqueIdentifier>{2618b49f-b2db-49fa-9a28-7cc3ec35209f}</UniqueIdentifier>
    </Filter>
    <Filter Include="NoiseGraphic\GraphicObject">
      <UniqueIdentifier>{a627035a-9e9d-404b-a4a2-89c95bdc3f93}</UniqueIdentifier>
    </Filter>
    <Filter Include="GeneralBasicClass">
      <UniqueIdentifier>{33b8c1e0-39dc-4df0-88cc-9156de4f0922}</UniqueIdentifier>
    </Filter>
    <Filter Include="GeneralBasicClass\_FileManager">
      <UniqueIdentifier>{09bb6d8d-c809-48d2-8adb-1ae0051da9bb}</UniqueIdentifier>
    </Filter>
    <Filter Include="GeneralBasicClass\_2DBasicContainerInfo">
      <UniqueIdentifier>{6aedf65b-3f88-4575-8baa-565ef35e2138}</UniqueIdentifier>
    </Filter>
    <Filter Include="NoiseGraphic\Text">
      <UniqueIdentifier>{ebd85bdd-2495-430a-b695-d2366c4e956d}</UniqueIdentifier>
    </Filter>
    <Filter Include="NoiseGraphic\Text\N2D_NoiseFontManager">
      <UniqueIdentifier>{3787f85f-89b3-4d08-bebe-0ec9b031684c}</UniqueIdentifier>
    </Filter>
    <Filter Include="NoiseGraphic\Text\N2D_Noise2DTextStatic">
      <UniqueIdentifier>{abc9eaee-b441-43bd-8dca-0bffd27091f9}</UniqueIdentifier>
    </Filter>
    <Filter Include="NoiseGraphic\Text\N2D_Noise2DTextDynamic">
      <UniqueIdentifier>{558f2fbd-3c86-415d-9dc4-bc344f646c54}</UniqueIdentifier>
    </Filter>
    <Filter Include="NoiseGraphic\Text\_BasicTextInfo">
      <UniqueIdentifier>{de740894-6a5f-409c-9c04-bdf91a8eaa88}</UniqueIdentifier>
    </Filter>
    <Filter Include="NoiseGraphic\Root">
      <UniqueIdentifier>{d4677d36-e4af-4062-aece-3b9a498593ed}</UniqueIdentifier>
    </Filter>
  </ItemGroup>
  <ItemGroup>
    <ClInclude Include="NoiseFlag.h">
      <Filter>Global</Filter>
    </ClInclude>
    <ClInclude Include="NoiseGlobal.h">
      <Filter>Global</Filter>
    </ClInclude>
    <ClInclude Include="NoiseMacro.h">
      <Filter>Global</Filter>
    </ClInclude>
    <ClInclude Include="NoiseTypes.h">
      <Filter>Global</Filter>
    </ClInclude>
    <ClInclude Include="Noise3D.h">
      <Filter>Global</Filter>
    </ClInclude>
    <ClInclude Include="NUT_NoiseUtTimer.h">
      <Filter>NoiseUtility\NUT_NoiseUtTimer</Filter>
    </ClInclude>
    <ClInclude Include="NUT_NoiseUtSlicer.h">
      <Filter>NoiseUtility\NUT_NoiseUtSlicer</Filter>
    </ClInclude>
    <ClInclude Include="NUT_NoiseUtInputEngine.h">
      <Filter>NoiseUtility\NUT_NoiseUtInputEngine</Filter>
    </ClInclude>
    <ClInclude Include="NUT_NoiseUtInputEngine_KeyDef.h">
      <Filter>NoiseUtility\NUT_NoiseUtInputEngine</Filter>
    </ClInclude>
    <ClInclude Include="N2D_GUIButton.h">
      <Filter>NoiseGUI\Button</Filter>
    </ClInclude>
    <ClInclude Include="N2D_GUIManager.h">
      <Filter>NoiseGUI\Manager</Filter>
    </ClInclude>
    <ClInclude Include="N2D_GUIOscilloscope.h">
      <Filter>NoiseGUI\Oscilloscope</Filter>
    </ClInclude>
    <ClInclude Include="N2D_GUIScrollBar.h">
      <Filter>NoiseGUI\ScrollBar</Filter>
    </ClInclude>
    <ClInclude Include="N2D_GUITextBox.h">
      <Filter>NoiseGUI\TextBox</Filter>
    </ClInclude>
    <ClInclude Include="NBASE_GUIComponentBase.h">
      <Filter>NoiseGUI\_ComponentBase</Filter>
    </ClInclude>
    <ClInclude Include="NoiseGUISystem.h">
      <Filter>NoiseGUI</Filter>
    </ClInclude>
    <ClInclude Include="NBASE_2DBasicContainerInfo.h">
      <Filter>GeneralBasicClass\_2DBasicContainerInfo</Filter>
    </ClInclude>
    <ClInclude Include="NBASE_FileManager.h">
      <Filter>GeneralBasicClass\_FileManager</Filter>
    </ClInclude>
    <ClInclude Include="NBASE_FileManager_3DS.h">
      <Filter>GeneralBasicClass\_FileManager</Filter>
    </ClInclude>
    <ClInclude Include="NBASE_GeometryMeshGenerator.h">
      <Filter>NoiseGraphic\_GeometryMeshGenerator</Filter>
    </ClInclude>
    <ClInclude Include="N3D_Atmosphere.h">
      <Filter>NoiseGraphic\Atmosphere</Filter>
    </ClInclude>
    <ClInclude Include="N3D_Camera.h">
      <Filter>NoiseGraphic\Camera</Filter>
    </ClInclude>
    <ClInclude Include="N2D_GraphicObject.h">
      <Filter>NoiseGraphic\GraphicObject</Filter>
    </ClInclude>
    <ClInclude Include="N3D_LightManager.h">
      <Filter>NoiseGraphic\LightManager</Filter>
    </ClInclude>
    <ClInclude Include="N3D_MaterialManager.h">
      <Filter>NoiseGraphic\MaterialManger</Filter>
    </ClInclude>
    <ClInclude Include="N3D_Mesh.h">
      <Filter>NoiseGraphic\Mesh</Filter>
    </ClInclude>
    <ClInclude Include="N3D_Renderer.h">
      <Filter>NoiseGraphic\Renderer</Filter>
    </ClInclude>
    <ClInclude Include="N3D_Scene.h">
      <Filter>NoiseGraphic\Scene</Filter>
    </ClInclude>
    <ClInclude Include="N3D_TextureManager.h">
      <Filter>NoiseGraphic\TextureManager</Filter>
    </ClInclude>
    <ClInclude Include="N2D_TextDynamic.h">
      <Filter>NoiseGraphic\Text\N2D_Noise2DTextDynamic</Filter>
    </ClInclude>
    <ClInclude Include="N2D_TextStatic.h">
      <Filter>NoiseGraphic\Text\N2D_Noise2DTextStatic</Filter>
    </ClInclude>
    <ClInclude Include="N2D_FontManager.h">
      <Filter>NoiseGraphic\Text\N2D_NoiseFontManager</Filter>
    </ClInclude>
    <ClInclude Include="NBASE_2DBasicTextInfo.h">
      <Filter>NoiseGraphic\Text\_BasicTextInfo</Filter>
    </ClInclude>
    <ClInclude Include="N3D_Root.h">
      <Filter>NoiseGraphic\Root</Filter>
    </ClInclude>
    <ClInclude Include="NBASE_IFactory.h">
      <Filter>GeneralBasicClass</Filter>
    </ClInclude>
  </ItemGroup>
  <ItemGroup>
    <ClCompile Include="AssemblyInfo.cpp">
      <Filter>Global</Filter>
    </ClCompile>
    <ClCompile Include="NoiseGlobal.cpp">
      <Filter>Global</Filter>
    </ClCompile>
    <ClCompile Include="NUT_NoiseUtTimer.cpp">
      <Filter>NoiseUtility\NUT_NoiseUtTimer</Filter>
    </ClCompile>
    <ClCompile Include="NUT_NoiseUtSlicer.cpp">
      <Filter>NoiseUtility\NUT_NoiseUtSlicer</Filter>
    </ClCompile>
    <ClCompile Include="NUT_NoiseUtInputEngine.cpp">
      <Filter>NoiseUtility\NUT_NoiseUtInputEngine</Filter>
    </ClCompile>
    <ClCompile Include="N2D_GUIButton.cpp">
      <Filter>NoiseGUI\Button</Filter>
    </ClCompile>
    <ClCompile Include="N2D_GUIManager.cpp">
      <Filter>NoiseGUI\Manager</Filter>
    </ClCompile>
    <ClCompile Include="N2D_GUIOscilloscope.cpp">
      <Filter>NoiseGUI\Oscilloscope</Filter>
    </ClCompile>
    <ClCompile Include="N2D_GUIScrollBar.cpp">
      <Filter>NoiseGUI\ScrollBar</Filter>
    </ClCompile>
    <ClCompile Include="N2D_GUITextBox.cpp">
      <Filter>NoiseGUI\TextBox</Filter>
    </ClCompile>
    <ClCompile Include="NBASE_2DBasicContainerInfo.cpp">
      <Filter>GeneralBasicClass\_2DBasicContainerInfo</Filter>
    </ClCompile>
    <ClCompile Include="NBASE_FileManager_Basic.cpp">
      <Filter>GeneralBasicClass\_FileManager</Filter>
    </ClCompile>
    <ClCompile Include="NBASE_FileMgr_3DS.cpp">
      <Filter>GeneralBasicClass\_FileManager</Filter>
    </ClCompile>
    <ClCompile Include="NBASE_FileMgr_OBJ.cpp">
      <Filter>GeneralBasicClass\_FileManager</Filter>
    </ClCompile>
    <ClCompile Include="NBASE_FileMgr_STL.cpp">
      <Filter>GeneralBasicClass\_FileManager</Filter>
    </ClCompile>
    <ClCompile Include="NBASE_GeometryMeshGenerator.cpp">
      <Filter>NoiseGraphic\_GeometryMeshGenerator</Filter>
    </ClCompile>
    <ClCompile Include="N3D_Atmosphere.cpp">
      <Filter>NoiseGraphic\Atmosphere</Filter>
    </ClCompile>
    <ClCompile Include="N3D_Camera.cpp">
      <Filter>NoiseGraphic\Camera</Filter>
    </ClCompile>
    <ClCompile Include="N2D_GraphicObject.cpp">
      <Filter>NoiseGraphic\GraphicObject</Filter>
    </ClCompile>
    <ClCompile Include="N3D_LightManager.cpp">
      <Filter>NoiseGraphic\LightManager</Filter>
    </ClCompile>
    <ClCompile Include="N3D_MaterialManager.cpp">
      <Filter>NoiseGraphic\MaterialManger</Filter>
    </ClCompile>
    <ClCompile Include="N3D_Mesh.cpp">
      <Filter>NoiseGraphic\Mesh</Filter>
    </ClCompile>
    <ClCompile Include="N3D_Renderer.cpp">
      <Filter>NoiseGraphic\Renderer</Filter>
    </ClCompile>
    <ClCompile Include="N3D_Renderer_Atmosphere.cpp">
      <Filter>NoiseGraphic\Renderer</Filter>
    </ClCompile>
    <ClCompile Include="N3D_Renderer_GraphicObj.cpp">
      <Filter>NoiseGraphic\Renderer</Filter>
    </ClCompile>
    <ClCompile Include="N3D_Renderer_Mesh.cpp">
      <Filter>NoiseGraphic\Renderer</Filter>
    </ClCompile>
    <ClCompile Include="N3D_Renderer_Text.cpp">
      <Filter>NoiseGraphic\Renderer</Filter>
    </ClCompile>
    <ClCompile Include="N3D_Scene.cpp">
      <Filter>NoiseGraphic\Scene</Filter>
    </ClCompile>
    <ClCompile Include="N3D_TextureManager.cpp">
      <Filter>NoiseGraphic\TextureManager</Filter>
    </ClCompile>
    <ClCompile Include="N2D_TextDynamic.cpp">
      <Filter>NoiseGraphic\Text\N2D_Noise2DTextDynamic</Filter>
    </ClCompile>
    <ClCompile Include="N2D_TextStatic.cpp">
      <Filter>NoiseGraphic\Text\N2D_Noise2DTextStatic</Filter>
    </ClCompile>
    <ClCompile Include="N2D_FontManager.cpp">
      <Filter>NoiseGraphic\Text\N2D_NoiseFontManager</Filter>
    </ClCompile>
    <ClCompile Include="NBASE_2DBasicTextInfo.cpp">
      <Filter>NoiseGraphic\Text\_BasicTextInfo</Filter>
    </ClCompile>
    <ClCompile Include="NBASE_GUIComponentBase.cpp">
      <Filter>NoiseGUI\_ComponentBase</Filter>
    </ClCompile>
    <ClCompile Include="N3D_Root.cpp">
      <Filter>NoiseGraphic\Root</Filter>
    </ClCompile>
  </ItemGroup>
</Project>