<?xml version="1.0" encoding="utf-8"?>
<Project ToolsVersion="4.0" xmlns="http://schemas.microsoft.com/developer/msbuild/2003">
  <ItemGroup>
    <Filter Include="Shader">
      <UniqueIdentifier>{29298e88-d5b9-4fef-a5dd-3b53351ce1d2}</UniqueIdentifier>
    </Filter>
    <Filter Include="Global">
      <UniqueIdentifier>{f521ad5a-76f7-4ffe-926f-69b265c34501}</UniqueIdentifier>
    </Filter>
    <Filter Include="NUT_NoiseUtTimer">
      <UniqueIdentifier>{5fb868b7-60e5-4ec0-b8ad-117e9c441ffc}</UniqueIdentifier>
    </Filter>
    <Filter Include="NUT_NoiseUtSlicer">
      <UniqueIdentifier>{2382ae15-f526-41f2-93f6-283143d5b9a9}</UniqueIdentifier>
    </Filter>
    <Filter Include="N3D_NoiseCamera">
      <UniqueIdentifier>{1cdc6592-cae8-449f-ba8b-73a46043aab8}</UniqueIdentifier>
    </Filter>
    <Filter Include="N3D_NoiseEngine">
      <UniqueIdentifier>{d4677d36-e4af-4062-aece-3b9a498593ed}</UniqueIdentifier>
    </Filter>
    <Filter Include="N3D_NoiseLightManager">
      <UniqueIdentifier>{12b06630-814c-4cee-86dc-dbd3ddf40b38}</UniqueIdentifier>
    </Filter>
    <Filter Include="N3D_NoiseMaterialManger">
      <UniqueIdentifier>{03412733-c8d9-487b-9107-6466bd27b95a}</UniqueIdentifier>
    </Filter>
    <Filter Include="N3D_NoiseMesh">
      <UniqueIdentifier>{66319d1c-340d-4bf9-887d-e02737f05f6a}</UniqueIdentifier>
    </Filter>
    <Filter Include="N3D_NoiseScene">
      <UniqueIdentifier>{f84a9eaa-b39b-4a45-aaad-c93b72948637}</UniqueIdentifier>
    </Filter>
    <Filter Include="N3D_NoiseTextureManager">
      <UniqueIdentifier>{ecd2bea3-4811-48d5-ab48-e1370b027679}</UniqueIdentifier>
    </Filter>
    <Filter Include="N3D_NoiseRenderer">
      <UniqueIdentifier>{fbf6d5d9-6af7-481c-b514-5904de7d44b8}</UniqueIdentifier>
    </Filter>
    <Filter Include="N3D_NoiseAtmosphere">
      <UniqueIdentifier>{a4edb57a-80b9-4330-bc5e-5e1a8a4dc3fc}</UniqueIdentifier>
    </Filter>
    <Filter Include="NBASE_NoiseFileManager">
      <UniqueIdentifier>{09bb6d8d-c809-48d2-8adb-1ae0051da9bb}</UniqueIdentifier>
    </Filter>
    <Filter Include="NUT_NoiseUtInputEngine">
      <UniqueIdentifier>{15dd7e5c-ee39-480b-a7bd-91615264dd11}</UniqueIdentifier>
    </Filter>
    <Filter Include="N2D_NoiseGraphicObject">
      <UniqueIdentifier>{a627035a-9e9d-404b-a4a2-89c95bdc3f93}</UniqueIdentifier>
    </Filter>
    <Filter Include="NBASE_NoiseClassLifeCycle">
      <UniqueIdentifier>{aeee8b99-5971-4cd4-b448-eee6ccad044e}</UniqueIdentifier>
    </Filter>
    <Filter Include="NBASE_NoiseBasicContainerInfo">
      <UniqueIdentifier>{6aedf65b-3f88-4575-8baa-565ef35e2138}</UniqueIdentifier>
    </Filter>
    <Filter Include="N2D_NoiseFont&amp;Text">
      <UniqueIdentifier>{05e51c91-facb-4412-b778-5b7689e1b3c8}</UniqueIdentifier>
    </Filter>
    <Filter Include="N2D_NoiseFont&amp;Text\N2D_Noise2DTextDynamic">
      <UniqueIdentifier>{558f2fbd-3c86-415d-9dc4-bc344f646c54}</UniqueIdentifier>
    </Filter>
    <Filter Include="N2D_NoiseFont&amp;Text\N2D_Noise2DTextStatic">
      <UniqueIdentifier>{abc9eaee-b441-43bd-8dca-0bffd27091f9}</UniqueIdentifier>
    </Filter>
    <Filter Include="N2D_NoiseFont&amp;Text\N2D_NoiseFontManager">
      <UniqueIdentifier>{3787f85f-89b3-4d08-bebe-0ec9b031684c}</UniqueIdentifier>
    </Filter>
    <Filter Include="N2D_NoiseFont&amp;Text\NBASE_Noise2DBasicTextInfo">
      <UniqueIdentifier>{de740894-6a5f-409c-9c04-bdf91a8eaa88}</UniqueIdentifier>
    </Filter>
  </ItemGroup>
  <ItemGroup>
    <ClInclude Include="N3D_NoiseScene.h">
      <Filter>N3D_NoiseScene</Filter>
    </ClInclude>
    <ClInclude Include="N3D_NoiseLightManager.h">
      <Filter>N3D_NoiseLightManager</Filter>
    </ClInclude>
    <ClInclude Include="N3D_NoiseMesh.h">
      <Filter>N3D_NoiseMesh</Filter>
    </ClInclude>
    <ClInclude Include="NoiseFlag.h">
      <Filter>Global</Filter>
    </ClInclude>
    <ClInclude Include="NoiseGlobal.h">
      <Filter>Global</Filter>
    </ClInclude>
    <ClInclude Include="NoiseMacro.h">
      <Filter>Global</Filter>
    </ClInclude>
    <ClInclude Include="NoiseTypes.h">
      <Filter>Global</Filter>
    </ClInclude>
    <ClInclude Include="Noise3D.h">
      <Filter>Global</Filter>
    </ClInclude>
    <ClInclude Include="NUT_NoiseUtTimer.h">
      <Filter>NUT_NoiseUtTimer</Filter>
    </ClInclude>
    <ClInclude Include="NUT_NoiseUtSlicer.h">
      <Filter>NUT_NoiseUtSlicer</Filter>
    </ClInclude>
    <ClInclude Include="N3D_NoiseTextureManager.h">
      <Filter>N3D_NoiseTextureManager</Filter>
    </ClInclude>
    <ClInclude Include="N3D_NoiseMaterialManager.h">
      <Filter>N3D_NoiseMaterialManger</Filter>
    </ClInclude>
    <ClInclude Include="N3D_NoiseCamera.h">
      <Filter>N3D_NoiseCamera</Filter>
    </ClInclude>
    <ClInclude Include="N3D_NoiseEngine.h">
      <Filter>N3D_NoiseEngine</Filter>
    </ClInclude>
    <ClInclude Include="N3D_NoiseRenderer.h">
      <Filter>N3D_NoiseRenderer</Filter>
    </ClInclude>
    <ClInclude Include="N3D_NoiseAtmosphere.h">
      <Filter>N3D_NoiseAtmosphere</Filter>
    </ClInclude>
    <ClInclude Include="NBASE_NoiseFileManager.h">
      <Filter>NBASE_NoiseFileManager</Filter>
    </ClInclude>
    <ClInclude Include="NUT_NoiseUtInputEngine.h">
      <Filter>NUT_NoiseUtInputEngine</Filter>
    </ClInclude>
    <ClInclude Include="NUT_NoiseUtInputEngine_KeyDef.h">
      <Filter>NUT_NoiseUtInputEngine</Filter>
    </ClInclude>
    <ClInclude Include="N2D_NoiseGraphicObject.h">
      <Filter>N2D_NoiseGraphicObject</Filter>
    </ClInclude>
    <ClInclude Include="NBASE_NoiseClassLifeCycle.h">
      <Filter>NBASE_NoiseClassLifeCycle</Filter>
    </ClInclude>
    <ClInclude Include="NBASE_Noise2DBasicContainerInfo.h">
      <Filter>NBASE_NoiseBasicContainerInfo</Filter>
    </ClInclude>
    <ClInclude Include="N2D_Noise2DTextDynamic.h">
      <Filter>N2D_NoiseFont&amp;Text\N2D_Noise2DTextDynamic</Filter>
    </ClInclude>
    <ClInclude Include="N2D_Noise2DTextStatic.h">
      <Filter>N2D_NoiseFont&amp;Text\N2D_Noise2DTextStatic</Filter>
    </ClInclude>
    <ClInclude Include="N2D_NoiseFontManager.h">
      <Filter>N2D_NoiseFont&amp;Text\N2D_NoiseFontManager</Filter>
    </ClInclude>
    <ClInclude Include="NBASE_Noise2DBasicTextInfo.h">
      <Filter>N2D_NoiseFont&amp;Text\NBASE_Noise2DBasicTextInfo</Filter>
    </ClInclude>
    <ClInclude Include="NBASE_NoiseFileManager_3DS.h">
      <Filter>NBASE_NoiseFileManager</Filter>
    </ClInclude>
  </ItemGroup>
  <ItemGroup>
    <ClCompile Include="N3D_NoiseScene.cpp">
      <Filter>N3D_NoiseScene</Filter>
    </ClCompile>
    <ClCompile Include="N3D_NoiseLightManager.cpp">
      <Filter>N3D_NoiseLightManager</Filter>
    </ClCompile>
    <ClCompile Include="N3D_NoiseMesh.cpp">
      <Filter>N3D_NoiseMesh</Filter>
    </ClCompile>
    <ClCompile Include="AssemblyInfo.cpp">
      <Filter>Global</Filter>
    </ClCompile>
    <ClCompile Include="NoiseGlobal.cpp">
      <Filter>Global</Filter>
    </ClCompile>
    <ClCompile Include="NUT_NoiseUtTimer.cpp">
      <Filter>NUT_NoiseUtTimer</Filter>
    </ClCompile>
    <ClCompile Include="NUT_NoiseUtSlicer.cpp">
      <Filter>NUT_NoiseUtSlicer</Filter>
    </ClCompile>
    <ClCompile Include="N3D_NoiseTextureManager.cpp">
      <Filter>N3D_NoiseTextureManager</Filter>
    </ClCompile>
    <ClCompile Include="N3D_NoiseMaterialManager.cpp">
      <Filter>N3D_NoiseMaterialManger</Filter>
    </ClCompile>
    <ClCompile Include="N3D_NoiseCamera.cpp">
      <Filter>N3D_NoiseCamera</Filter>
    </ClCompile>
    <ClCompile Include="N3D_NoiseEngine.cpp">
      <Filter>N3D_NoiseEngine</Filter>
    </ClCompile>
    <ClCompile Include="N3D_NoiseRenderer.cpp">
      <Filter>N3D_NoiseRenderer</Filter>
    </ClCompile>
    <ClCompile Include="N3D_NoiseAtmosphere.cpp">
      <Filter>N3D_NoiseAtmosphere</Filter>
    </ClCompile>
    <ClCompile Include="NUT_NoiseUtInputEngine.cpp">
      <Filter>NUT_NoiseUtInputEngine</Filter>
    </ClCompile>
    <ClCompile Include="N2D_NoiseGraphicObject.cpp">
      <Filter>N2D_NoiseGraphicObject</Filter>
    </ClCompile>
    <ClCompile Include="NBASE_Noise2DBasicContainerInfo.cpp">
      <Filter>NBASE_NoiseBasicContainerInfo</Filter>
    </ClCompile>
    <ClCompile Include="N2D_Noise2DTextDynamic.cpp">
      <Filter>N2D_NoiseFont&amp;Text\N2D_Noise2DTextDynamic</Filter>
    </ClCompile>
    <ClCompile Include="N2D_Noise2DTextStatic.cpp">
      <Filter>N2D_NoiseFont&amp;Text\N2D_Noise2DTextStatic</Filter>
    </ClCompile>
    <ClCompile Include="N2D_NoiseFontManager.cpp">
      <Filter>N2D_NoiseFont&amp;Text\N2D_NoiseFontManager</Filter>
    </ClCompile>
    <ClCompile Include="NBASE_Noise2DBasicTextInfo.cpp">
      <Filter>N2D_NoiseFont&amp;Text\NBASE_Noise2DBasicTextInfo</Filter>
    </ClCompile>
    <ClCompile Include="NBASE_NoiseFileMgr_STL.cpp">
      <Filter>NBASE_NoiseFileManager</Filter>
    </ClCompile>
    <ClCompile Include="NBASE_NoiseFileManager_Basic.cpp">
      <Filter>NBASE_NoiseFileManager</Filter>
    </ClCompile>
    <ClCompile Include="NBASE_NoiseFileMgr_OBJ.cpp">
      <Filter>NBASE_NoiseFileManager</Filter>
    </ClCompile>
    <ClCompile Include="NBASE_NoiseFileMgr_3DS.cpp">
      <Filter>NBASE_NoiseFileManager</Filter>
    </ClCompile>
  </ItemGroup>
</Project>