<?xml version="1.0" encoding="utf-8"?>
<Project ToolsVersion="4.0" xmlns="http://schemas.microsoft.com/developer/msbuild/2003">
  <ItemGroup>
    <Filter Include="资源文件">
      <UniqueIdentifier>{67DA6AB6-F800-4c08-8B7A-83BB121AAD01}</UniqueIdentifier>
      <Extensions>rc;ico;cur;bmp;dlg;rc2;rct;bin;rgs;gif;jpg;jpeg;jpe;resx;tiff;tif;png;wav;mfcribbon-ms</Extensions>
    </Filter>
    <Filter Include="Main3D">
      <UniqueIdentifier>{4FC737F1-C7A5-4376-A066-2A32D752A2FF}</UniqueIdentifier>
      <Extensions>cpp;c;cc;cxx;def;odl;idl;hpj;bat;asm;asmx</Extensions>
    </Filter>
  </ItemGroup>
  <ItemGroup>
    <ClCompile Include="Main3D.cpp">
      <Filter>Main3D</Filter>
    </ClCompile>
    <ClCompile Include="UnitTest_Oscilloscope.cpp">
      <Filter>Main3D</Filter>
    </ClCompile>
    <ClCompile Include="UnitTest_GUI.cpp">
      <Filter>Main3D</Filter>
    </ClCompile>
    <ClCompile Include="UnitTest_Mesh.cpp">
      <Filter>Main3D</Filter>
    </ClCompile>
    <ClCompile Include="Demo_Utility_ConvertToNormalMap.cpp">
      <Filter>Main3D</Filter>
    </ClCompile>
  </ItemGroup>
  <ItemGroup>
    <ClInclude Include="Main3D.h">
      <Filter>Main3D</Filter>
    </ClInclude>
  </ItemGroup>
  <ItemGroup>
    <None Include="Main3D_Minimize.cpp">
      <Filter>Main3D</Filter>
    </None>
  </ItemGroup>
</Project>