<?xml version="1.0" encoding="utf-8"?>
<Project ToolsVersion="4.0" xmlns="http://schemas.microsoft.com/developer/msbuild/2003">
  <ItemGroup>
    <Filter Include="资源文件">
      <UniqueIdentifier>{67DA6AB6-F800-4c08-8B7A-83BB121AAD01}</UniqueIdentifier>
      <Extensions>rc;ico;cur;bmp;dlg;rc2;rct;bin;rgs;gif;jpg;jpeg;jpe;resx;tiff;tif;png;wav;mfcribbon-ms</Extensions>
    </Filter>
    <Filter Include="DrawSky">
      <UniqueIdentifier>{03a7adac-6fa0-4a1d-bab1-1bcaf5b3b594}</UniqueIdentifier>
    </Filter>
    <Filter Include="Main">
      <UniqueIdentifier>{31b5409e-ba54-45ff-8d13-bc73bb807e66}</UniqueIdentifier>
    </Filter>
    <Filter Include="Draw2D">
      <UniqueIdentifier>{4FC737F1-C7A5-4376-A066-2A32D752A2FF}</UniqueIdentifier>
      <Extensions>cpp;c;cc;cxx;def;odl;idl;hpj;bat;asm;asmx</Extensions>
    </Filter>
    <Filter Include="DrawMesh">
      <UniqueIdentifier>{1c043cb3-3d4f-484c-b942-c27e4cc633a0}</UniqueIdentifier>
    </Filter>
    <Filter Include="Picking">
      <UniqueIdentifier>{eabd5767-7d6f-442e-a17b-9b8b651213be}</UniqueIdentifier>
    </Filter>
    <Filter Include="DrawSolid3D">
      <UniqueIdentifier>{00c06ffc-9cc0-4c71-8018-206cc51ccf4f}</UniqueIdentifier>
    </Filter>
    <Filter Include="PostProcessing">
      <UniqueIdentifier>{41c84a7b-f01a-4818-a7b3-e56fa3cacb91}</UniqueIdentifier>
    </Filter>
    <Filter Include="DrawSweepingTrail">
      <UniqueIdentifier>{0b03a9ff-6905-4bcd-9ebe-fa1d77b8a98f}</UniqueIdentifier>
    </Filter>
  </ItemGroup>
  <ItemGroup>
    <None Include="Draw2D.fx">
      <Filter>Draw2D</Filter>
    </None>
    <None Include="CommonDef.hlsli">
      <Filter>Main</Filter>
    </None>
    <None Include="Main.fx">
      <Filter>Main</Filter>
    </None>
    <None Include="DrawSky.hlsli">
      <Filter>DrawSky</Filter>
    </None>
    <None Include="DrawSky.fx">
      <Filter>DrawSky</Filter>
    </None>
    <None Include="Picking.hlsli">
      <Filter>Picking</Filter>
    </None>
    <None Include="Picking.fx">
      <Filter>Picking</Filter>
    </None>
    <None Include="DrawSolid3D.hlsli">
      <Filter>DrawSolid3D</Filter>
    </None>
    <None Include="DrawSolid3D.fx">
      <Filter>DrawSolid3D</Filter>
    </None>
    <None Include="DrawMesh_Common.fx">
      <Filter>DrawMesh</Filter>
    </None>
    <None Include="DrawMesh.hlsli">
      <Filter>DrawMesh</Filter>
    </None>
    <None Include="DrawMesh_Phong.fx">
      <Filter>DrawMesh</Filter>
    </None>
    <None Include="Draw2D.hlsli">
      <Filter>Draw2D</Filter>
    </None>
    <None Include="DrawMesh_Gouraud.fx">
      <Filter>DrawMesh</Filter>
    </None>
    <None Include="PostProcessing.hlsli">
      <Filter>PostProcessing</Filter>
    </None>
    <None Include="PostProcess_SimpleEffects.fx">
      <Filter>PostProcessing</Filter>
    </None>
    <None Include="PostProcess_Qwerty.fx">
      <Filter>PostProcessing</Filter>
    </None>
    <None Include="DrawSweepingTrail.hlsli">
      <Filter>DrawSweepingTrail</Filter>
    </None>
  </ItemGroup>
  <ItemGroup>
    <FxCompile Include="DrawSweepingTrail.fx">
      <Filter>DrawSweepingTrail</Filter>
    </FxCompile>
  </ItemGroup>
</Project>