<?xml version="1.0" encoding="utf-8"?>
<Project ToolsVersion="4.0" xmlns="http://schemas.microsoft.com/developer/msbuild/2003">
  <ItemGroup>
    <Filter Include="资源文件">
      <UniqueIdentifier>{67DA6AB6-F800-4c08-8B7A-83BB121AAD01}</UniqueIdentifier>
      <Extensions>rc;ico;cur;bmp;dlg;rc2;rct;bin;rgs;gif;jpg;jpeg;jpe;resx;tiff;tif;png;wav;mfcribbon-ms</Extensions>
    </Filter>
    <Filter Include="Header">
      <UniqueIdentifier>{31b5409e-ba54-45ff-8d13-bc73bb807e66}</UniqueIdentifier>
    </Filter>
    <Filter Include="Source">
      <UniqueIdentifier>{4FC737F1-C7A5-4376-A066-2A32D752A2FF}</UniqueIdentifier>
      <Extensions>cpp;c;cc;cxx;def;odl;idl;hpj;bat;asm;asmx</Extensions>
    </Filter>
  </ItemGroup>
  <ItemGroup>
    <None Include="shader3D_defaultDraw.fx">
      <Filter>Source</Filter>
    </None>
    <None Include="Main.fx">
      <Filter>Source</Filter>
    </None>
    <None Include="Draw2D.fx">
      <Filter>Source</Filter>
    </None>
    <None Include="Draw2D.hlsli">
      <Filter>Header</Filter>
    </None>
    <None Include="DrawMesh.hlsli">
      <Filter>Header</Filter>
    </None>
    <None Include="CommonDef.hlsli">
      <Filter>Header</Filter>
    </None>
    <None Include="DrawSky.hlsli">
      <Filter>Header</Filter>
    </None>
    <None Include="DrawSolid3D.hlsli">
      <Filter>Header</Filter>
    </None>
    <None Include="Picking.hlsli">
      <Filter>Header</Filter>
    </None>
    <None Include="Picking.fx">
      <Filter>Source</Filter>
    </None>
  </ItemGroup>
  <ItemGroup>
    <FxCompile Include="DrawMesh.fx">
      <Filter>Source</Filter>
    </FxCompile>
    <FxCompile Include="DrawSky.fx">
      <Filter>Source</Filter>
    </FxCompile>
    <FxCompile Include="DrawSolid3D.fx">
      <Filter>Source</Filter>
    </FxCompile>
  </ItemGroup>
</Project>